// !$*UTF8*$!
{
	archiveVersion = 1;
	classes = {
	};
	objectVersion = 56;
	objects = {

/* Begin PBXBuildFile section */
		5D1A00000000000000000041 /* DiscordStatusModifierApp.swift in Sources */ = {isa = PBXBuildFile; fileRef = 5D1A00000000000000000021 /* DiscordStatusModifierApp.swift */; };
		5D1A00000000000000000042 /* AppModel.swift in Sources */ = {isa = PBXBuildFile; fileRef = 5D1A00000000000000000022 /* AppModel.swift */; };
		5D1A00000000000000000043 /* DiscordIPCClient.swift in Sources */ = {isa = PBXBuildFile; fileRef = 5D1A00000000000000000023 /* DiscordIPCClient.swift */; };
		5D1A00000000000000000044 /* StatusProfile.swift in Sources */ = {isa = PBXBuildFile; fileRef = 5D1A00000000000000000024 /* StatusProfile.swift */; };
		5D1A00000000000000000045 /* DiscordUser.swift in Sources */ = {isa = PBXBuildFile; fileRef = 5D1A00000000000000000025 /* DiscordUser.swift */; };
		5D1A00000000000000000046 /* ProfileStore.swift in Sources */ = {isa = PBXBuildFile; fileRef = 5D1A00000000000000000026 /* ProfileStore.swift */; };
		5D1A00000000000000000047 /* ArtworkPublisher.swift in Sources */ = {isa = PBXBuildFile; fileRef = 5D1A00000000000000000027 /* ArtworkPublisher.swift */; };
		5D1A00000000000000000048 /* ActivityBuilder.swift in Sources */ = {isa = PBXBuildFile; fileRef = 5D1A00000000000000000028 /* ActivityBuilder.swift */; };
		5D1A00000000000000000049 /* RootView.swift in Sources */ = {isa = PBXBuildFile; fileRef = 5D1A00000000000000000029 /* RootView.swift */; };
		5D1A0000000000000000004A /* ProfileCardView.swift in Sources */ = {isa = PBXBuildFile; fileRef = 5D1A0000000000000000002A /* ProfileCardView.swift */; };
		5D1A0000000000000000004B /* ProfileEditorView.swift in Sources */ = {isa = PBXBuildFile; fileRef = 5D1A0000000000000000002B /* ProfileEditorView.swift */; };
		5D1A00000000000000000051 /* DiscordClientConfiguration.swift in Sources */ = {isa = PBXBuildFile; fileRef = 5D1A00000000000000000031 /* DiscordClientConfiguration.swift */; };
		5D1A0000000000000000004D /* MenuBarView.swift in Sources */ = {isa = PBXBuildFile; fileRef = 5D1A0000000000000000002D /* MenuBarView.swift */; };
		5D1A0000000000000000004E /* ArtworkViews.swift in Sources */ = {isa = PBXBuildFile; fileRef = 5D1A0000000000000000002E /* ArtworkViews.swift */; };
		5D1A00000000000000000F01 /* TimerEditorViews.swift in Sources */ = {isa = PBXBuildFile; fileRef = 5D1A00000000000000000F02 /* TimerEditorViews.swift */; };
		5D1A0000000000000000004F /* DiscordTheme.swift in Sources */ = {isa = PBXBuildFile; fileRef = 5D1A0000000000000000002F /* DiscordTheme.swift */; };
		5D1A00000000000000000052 /* DiscordFormatting.swift in Sources */ = {isa = PBXBuildFile; fileRef = 5D1A00000000000000000033 /* DiscordFormatting.swift */; };
		5D1A00000000000000000053 /* ProfileTransfer.swift in Sources */ = {isa = PBXBuildFile; fileRef = 5D1A00000000000000000034 /* ProfileTransfer.swift */; };
		5D1A00000000000000000050 /* Assets.xcassets in Resources */ = {isa = PBXBuildFile; fileRef = 5D1A00000000000000000030 /* Assets.xcassets */; };
/* End PBXBuildFile section */

/* Begin PBXFileReference section */
		5D1A00000000000000000006 /* DiscordStatusModifier.app */ = {isa = PBXFileReference; explicitFileType = wrapper.application; includeInIndex = 0; path = DiscordStatusModifier.app; sourceTree = BUILT_PRODUCTS_DIR; };
		5D1A00000000000000000021 /* DiscordStatusModifierApp.swift */ = {isa = PBXFileReference; lastKnownFileType = sourcecode.swift; path = DiscordStatusModifierApp.swift; sourceTree = "<group>"; };
		5D1A00000000000000000022 /* AppModel.swift */ = {isa = PBXFileReference; lastKnownFileType = sourcecode.swift; path = AppModel.swift; sourceTree = "<group>"; };
		5D1A00000000000000000023 /* DiscordIPCClient.swift */ = {isa = PBXFileReference; lastKnownFileType = sourcecode.swift; path = DiscordIPCClient.swift; sourceTree = "<group>"; };
		5D1A00000000000000000024 /* StatusProfile.swift */ = {isa = PBXFileReference; lastKnownFileType = sourcecode.swift; path = StatusProfile.swift; sourceTree = "<group>"; };
		5D1A00000000000000000025 /* DiscordUser.swift */ = {isa = PBXFileReference; lastKnownFileType = sourcecode.swift; path = DiscordUser.swift; sourceTree = "<group>"; };
		5D1A00000000000000000026 /* ProfileStore.swift */ = {isa = PBXFileReference; lastKnownFileType = sourcecode.swift; path = ProfileStore.swift; sourceTree = "<group>"; };
		5D1A00000000000000000027 /* ArtworkPublisher.swift */ = {isa = PBXFileReference; lastKnownFileType = sourcecode.swift; path = ArtworkPublisher.swift; sourceTree = "<group>"; };
		5D1A00000000000000000028 /* ActivityBuilder.swift */ = {isa = PBXFileReference; lastKnownFileType = sourcecode.swift; path = ActivityBuilder.swift; sourceTree = "<group>"; };
		5D1A00000000000000000029 /* RootView.swift */ = {isa = PBXFileReference; lastKnownFileType = sourcecode.swift; path = RootView.swift; sourceTree = "<group>"; };
		5D1A0000000000000000002A /* ProfileCardView.swift */ = {isa = PBXFileReference; lastKnownFileType = sourcecode.swift; path = ProfileCardView.swift; sourceTree = "<group>"; };
		5D1A0000000000000000002B /* ProfileEditorView.swift */ = {isa = PBXFileReference; lastKnownFileType = sourcecode.swift; path = ProfileEditorView.swift; sourceTree = "<group>"; };
		5D1A00000000000000000031 /* DiscordClientConfiguration.swift */ = {isa = PBXFileReference; lastKnownFileType = sourcecode.swift; path = DiscordClientConfiguration.swift; sourceTree = "<group>"; };
		5D1A0000000000000000002D /* MenuBarView.swift */ = {isa = PBXFileReference; lastKnownFileType = sourcecode.swift; path = MenuBarView.swift; sourceTree = "<group>"; };
		5D1A0000000000000000002E /* ArtworkViews.swift */ = {isa = PBXFileReference; lastKnownFileType = sourcecode.swift; path = ArtworkViews.swift; sourceTree = "<group>"; };
		5D1A00000000000000000F02 /* TimerEditorViews.swift */ = {isa = PBXFileReference; lastKnownFileType = sourcecode.swift; path = TimerEditorViews.swift; sourceTree = "<group>"; };
		5D1A0000000000000000002F /* DiscordTheme.swift */ = {isa = PBXFileReference; lastKnownFileType = sourcecode.swift; path = DiscordTheme.swift; sourceTree = "<group>"; };
		5D1A00000000000000000033 /* DiscordFormatting.swift */ = {isa = PBXFileReference; lastKnownFileType = sourcecode.swift; path = DiscordFormatting.swift; sourceTree = "<group>"; };
		5D1A00000000000000000034 /* ProfileTransfer.swift */ = {isa = PBXFileReference; lastKnownFileType = sourcecode.swift; path = ProfileTransfer.swift; sourceTree = "<group>"; };
		5D1A00000000000000000035 /* Info.plist */ = {isa = PBXFileReference; lastKnownFileType = text.plist.xml; path = Info.plist; sourceTree = "<group>"; };
		5D1A00000000000000000030 /* Assets.xcassets */ = {isa = PBXFileReference; lastKnownFileType = folder.assetcatalog; path = Assets.xcassets; sourceTree = "<group>"; };
/* End PBXFileReference section */

/* Begin PBXFrameworksBuildPhase section */
		5D1A00000000000000000004 /* Frameworks */ = {
			isa = PBXFrameworksBuildPhase;
			buildActionMask = 2147483647;
			files = (
			);
			runOnlyForDeploymentPostprocessing = 0;
		};
/* End PBXFrameworksBuildPhase section */

/* Begin PBXGroup section */
		5D1A00000000000000000007 = {
			isa = PBXGroup;
			children = (
				5D1A00000000000000000008 /* DiscordStatusModifier */,
				5D1A0000000000000000000E /* Products */,
			);
			sourceTree = "<group>";
		};
		5D1A00000000000000000008 /* DiscordStatusModifier */ = {
			isa = PBXGroup;
			children = (
				5D1A00000000000000000021 /* DiscordStatusModifierApp.swift */,
				5D1A00000000000000000022 /* AppModel.swift */,
				5D1A00000000000000000032 /* Configuration */,
				5D1A00000000000000000009 /* IPC */,
				5D1A0000000000000000000A /* Models */,
				5D1A0000000000000000000B /* Services */,
				5D1A0000000000000000000C /* Views */,
				5D1A0000000000000000000D /* Theme */,
				5D1A00000000000000000030 /* Assets.xcassets */,
				5D1A00000000000000000035 /* Info.plist */,
			);
			path = DiscordStatusModifier;
			sourceTree = "<group>";
		};
		5D1A00000000000000000032 /* Configuration */ = {
			isa = PBXGroup;
			children = (
				5D1A00000000000000000031 /* DiscordClientConfiguration.swift */,
			);
			path = Configuration;
			sourceTree = "<group>";
		};
		5D1A00000000000000000009 /* IPC */ = {
			isa = PBXGroup;
			children = (
				5D1A00000000000000000023 /* DiscordIPCClient.swift */,
			);
			path = IPC;
			sourceTree = "<group>";
		};
		5D1A0000000000000000000A /* Models */ = {
			isa = PBXGroup;
			children = (
				5D1A00000000000000000024 /* StatusProfile.swift */,
				5D1A00000000000000000025 /* DiscordUser.swift */,
			);
			path = Models;
			sourceTree = "<group>";
		};
		5D1A0000000000000000000B /* Services */ = {
			isa = PBXGroup;
			children = (
				5D1A00000000000000000026 /* ProfileStore.swift */,
				5D1A00000000000000000027 /* ArtworkPublisher.swift */,
				5D1A00000000000000000028 /* ActivityBuilder.swift */,
				5D1A00000000000000000034 /* ProfileTransfer.swift */,
			);
			path = Services;
			sourceTree = "<group>";
		};
		5D1A0000000000000000000C /* Views */ = {
			isa = PBXGroup;
			children = (
				5D1A00000000000000000029 /* RootView.swift */,
				5D1A0000000000000000002A /* ProfileCardView.swift */,
				5D1A0000000000000000002B /* ProfileEditorView.swift */,
				5D1A0000000000000000002D /* MenuBarView.swift */,
				5D1A0000000000000000002E /* ArtworkViews.swift */,
				5D1A00000000000000000F02 /* TimerEditorViews.swift */,
			);
			path = Views;
			sourceTree = "<group>";
		};
		5D1A0000000000000000000D /* Theme */ = {
			isa = PBXGroup;
			children = (
				5D1A0000000000000000002F /* DiscordTheme.swift */,
				5D1A00000000000000000033 /* DiscordFormatting.swift */,
			);
			path = Theme;
			sourceTree = "<group>";
		};
		5D1A0000000000000000000E /* Products */ = {
			isa = PBXGroup;
			children = (
				5D1A00000000000000000006 /* DiscordStatusModifier.app */,
			);
			name = Products;
			sourceTree = "<group>";
		};
/* End PBXGroup section */

/* Begin PBXNativeTarget section */
		5D1A00000000000000000002 /* DiscordStatusModifier */ = {
			isa = PBXNativeTarget;
			buildConfigurationList = 5D1A00000000000000000010 /* Build configuration list for PBXNativeTarget "DiscordStatusModifier" */;
			buildPhases = (
				5D1A00000000000000000003 /* Sources */,
				5D1A00000000000000000004 /* Frameworks */,
				5D1A00000000000000000005 /* Resources */,
			);
			buildRules = (
			);
			dependencies = (
			);
			name = DiscordStatusModifier;
			productName = DiscordStatusModifier;
			productReference = 5D1A00000000000000000006 /* DiscordStatusModifier.app */;
			productType = "com.apple.product-type.application";
		};
/* End PBXNativeTarget section */

/* Begin PBXProject section */
		5D1A00000000000000000001 /* Project object */ = {
			isa = PBXProject;
			attributes = {
				BuildIndependentTargetsInParallel = 1;
				LastSwiftUpdateCheck = 1500;
				LastUpgradeCheck = 1500;
				TargetAttributes = {
					5D1A00000000000000000002 = {
						CreatedOnToolsVersion = 15.0;
					};
				};
			};
			buildConfigurationList = 5D1A0000000000000000000F /* Build configuration list for PBXProject "DiscordStatusModifier" */;
			compatibilityVersion = "Xcode 14.0";
			developmentRegion = en;
			hasScannedForEncodings = 0;
			knownRegions = (
				en,
				Base,
			);
			mainGroup = 5D1A00000000000000000007;
			productRefGroup = 5D1A0000000000000000000E /* Products */;
			projectDirPath = "";
			projectRoot = "";
			targets = (
				5D1A00000000000000000002 /* DiscordStatusModifier */,
			);
		};
/* End PBXProject section */

/* Begin PBXResourcesBuildPhase section */
		5D1A00000000000000000005 /* Resources */ = {
			isa = PBXResourcesBuildPhase;
			buildActionMask = 2147483647;
			files = (
				5D1A00000000000000000050 /* Assets.xcassets in Resources */,
			);
			runOnlyForDeploymentPostprocessing = 0;
		};
/* End PBXResourcesBuildPhase section */

/* Begin PBXSourcesBuildPhase section */
		5D1A00000000000000000003 /* Sources */ = {
			isa = PBXSourcesBuildPhase;
			buildActionMask = 2147483647;
			files = (
				5D1A00000000000000000041 /* DiscordStatusModifierApp.swift in Sources */,
				5D1A00000000000000000042 /* AppModel.swift in Sources */,
				5D1A00000000000000000043 /* DiscordIPCClient.swift in Sources */,
				5D1A00000000000000000044 /* StatusProfile.swift in Sources */,
				5D1A00000000000000000045 /* DiscordUser.swift in Sources */,
				5D1A00000000000000000046 /* ProfileStore.swift in Sources */,
				5D1A00000000000000000047 /* ArtworkPublisher.swift in Sources */,
				5D1A00000000000000000048 /* ActivityBuilder.swift in Sources */,
				5D1A00000000000000000049 /* RootView.swift in Sources */,
				5D1A0000000000000000004A /* ProfileCardView.swift in Sources */,
				5D1A0000000000000000004B /* ProfileEditorView.swift in Sources */,
				5D1A00000000000000000051 /* DiscordClientConfiguration.swift in Sources */,
				5D1A0000000000000000004D /* MenuBarView.swift in Sources */,
				5D1A0000000000000000004E /* ArtworkViews.swift in Sources */,
				5D1A00000000000000000F01 /* TimerEditorViews.swift in Sources */,
				5D1A0000000000000000004F /* DiscordTheme.swift in Sources */,
				5D1A00000000000000000052 /* DiscordFormatting.swift in Sources */,
				5D1A00000000000000000053 /* ProfileTransfer.swift in Sources */,
			);
			runOnlyForDeploymentPostprocessing = 0;
		};
/* End PBXSourcesBuildPhase section */

/* Begin XCBuildConfiguration section */
		5D1A00000000000000000011 /* Debug */ = {
			isa = XCBuildConfiguration;
			buildSettings = {
				ALWAYS_SEARCH_USER_PATHS = NO;
				CLANG_ANALYZER_NONNULL = YES;
				CLANG_ANALYZER_NUMBER_OBJECT_CONVERSION = YES_AGGRESSIVE;
				CLANG_CXX_LANGUAGE_STANDARD = "gnu++20";
				CLANG_ENABLE_MODULES = YES;
				CLANG_ENABLE_OBJC_ARC = YES;
				CLANG_ENABLE_OBJC_WEAK = YES;
				CLANG_WARN_BLOCK_CAPTURE_AUTORELEASING = YES;
				CLANG_WARN_BOOL_CONVERSION = YES;
				CLANG_WARN_COMMA = YES;
				CLANG_WARN_CONSTANT_CONVERSION = YES;
				CLANG_WARN_DEPRECATED_OBJC_IMPLEMENTATIONS = YES;
				CLANG_WARN_DIRECT_OBJC_ISA_USAGE = YES_ERROR;
				CLANG_WARN_EMPTY_BODY = YES;
				CLANG_WARN_ENUM_CONVERSION = YES;
				CLANG_WARN_INFINITE_RECURSION = YES;
				CLANG_WARN_INT_CONVERSION = YES;
				CLANG_WARN_NON_LITERAL_NULL_CONVERSION = YES;
				CLANG_WARN_OBJC_IMPLICIT_RETAIN_SELF = YES;
				CLANG_WARN_OBJC_LITERAL_CONVERSION = YES;
				CLANG_WARN_OBJC_ROOT_CLASS = YES_ERROR;
				CLANG_WARN_QUOTED_INCLUDE_IN_FRAMEWORK_HEADER = YES;
				CLANG_WARN_RANGE_LOOP_ANALYSIS = YES;
				CLANG_WARN_STRICT_PROTOTYPES = YES;
				CLANG_WARN_SUSPICIOUS_MOVE = YES;
				CLANG_WARN_UNGUARDED_AVAILABILITY = YES_AGGRESSIVE;
				CLANG_WARN_UNREACHABLE_CODE = YES;
				COPY_PHASE_STRIP = NO;
				DEBUG_INFORMATION_FORMAT = dwarf;
				ENABLE_STRICT_OBJC_MSGSEND = YES;
				ENABLE_TESTABILITY = YES;
				GCC_C_LANGUAGE_STANDARD = gnu11;
				GCC_DYNAMIC_NO_PIC = NO;
				GCC_NO_COMMON_BLOCKS = YES;
				GCC_OPTIMIZATION_LEVEL = 0;
				GCC_PREPROCESSOR_DEFINITIONS = (
					"DEBUG=1",
					"$(inherited)",
				);
				GCC_WARN_64_TO_32_BIT_CONVERSION = YES;
				GCC_WARN_ABOUT_RETURN_TYPE = YES_ERROR;
				GCC_WARN_UNDECLARED_SELECTOR = YES;
				GCC_WARN_UNINITIALIZED_AUTOS = YES_AGGRESSIVE;
				GCC_WARN_UNUSED_FUNCTION = YES;
				GCC_WARN_UNUSED_VARIABLE = YES;
				MACOSX_DEPLOYMENT_TARGET = 14.0;
				ONLY_ACTIVE_ARCH = YES;
				SDKROOT = macosx;
				SWIFT_ACTIVE_COMPILATION_CONDITIONS = DEBUG;
				SWIFT_OPTIMIZATION_LEVEL = "-Onone";
				SWIFT_VERSION = 5.0;
			};
			name = Debug;
		};
		5D1A00000000000000000012 /* Release */ = {
			isa = XCBuildConfiguration;
			buildSettings = {
				ALWAYS_SEARCH_USER_PATHS = NO;
				CLANG_ANALYZER_NONNULL = YES;
				CLANG_ANALYZER_NUMBER_OBJECT_CONVERSION = YES_AGGRESSIVE;
				CLANG_CXX_LANGUAGE_STANDARD = "gnu++20";
				CLANG_ENABLE_MODULES = YES;
				CLANG_ENABLE_OBJC_ARC = YES;
				CLANG_ENABLE_OBJC_WEAK = YES;
				CLANG_WARN_BLOCK_CAPTURE_AUTORELEASING = YES;
				CLANG_WARN_BOOL_CONVERSION = YES;
				CLANG_WARN_COMMA = YES;
				CLANG_WARN_CONSTANT_CONVERSION = YES;
				CLANG_WARN_DEPRECATED_OBJC_IMPLEMENTATIONS = YES;
				CLANG_WARN_DIRECT_OBJC_ISA_USAGE = YES_ERROR;
				CLANG_WARN_EMPTY_BODY = YES;
				CLANG_WARN_ENUM_CONVERSION = YES;
				CLANG_WARN_INFINITE_RECURSION = YES;
				CLANG_WARN_INT_CONVERSION = YES;
				CLANG_WARN_NON_LITERAL_NULL_CONVERSION = YES;
				CLANG_WARN_OBJC_IMPLICIT_RETAIN_SELF = YES;
				CLANG_WARN_OBJC_LITERAL_CONVERSION = YES;
				CLANG_WARN_OBJC_ROOT_CLASS = YES_ERROR;
				CLANG_WARN_QUOTED_INCLUDE_IN_FRAMEWORK_HEADER = YES;
				CLANG_WARN_RANGE_LOOP_ANALYSIS = YES;
				CLANG_WARN_STRICT_PROTOTYPES = YES;
				CLANG_WARN_SUSPICIOUS_MOVE = YES;
				CLANG_WARN_UNGUARDED_AVAILABILITY = YES_AGGRESSIVE;
				CLANG_WARN_UNREACHABLE_CODE = YES;
				COPY_PHASE_STRIP = NO;
				DEBUG_INFORMATION_FORMAT = "dwarf-with-dsym";
				ENABLE_NS_ASSERTIONS = NO;
				ENABLE_STRICT_OBJC_MSGSEND = YES;
				GCC_C_LANGUAGE_STANDARD = gnu11;
				GCC_NO_COMMON_BLOCKS = YES;
				GCC_WARN_64_TO_32_BIT_CONVERSION = YES;
				GCC_WARN_ABOUT_RETURN_TYPE = YES_ERROR;
				GCC_WARN_UNDECLARED_SELECTOR = YES;
				GCC_WARN_UNINITIALIZED_AUTOS = YES_AGGRESSIVE;
				GCC_WARN_UNUSED_FUNCTION = YES;
				GCC_WARN_UNUSED_VARIABLE = YES;
				MACOSX_DEPLOYMENT_TARGET = 14.0;
				SDKROOT = macosx;
				SWIFT_COMPILATION_MODE = wholemodule;
				SWIFT_OPTIMIZATION_LEVEL = "-O";
				SWIFT_VERSION = 5.0;
			};
			name = Release;
		};
		5D1A00000000000000000013 /* Debug */ = {
			isa = XCBuildConfiguration;
			buildSettings = {
				ASSETCATALOG_COMPILER_APPICON_NAME = AppIcon;
				ASSETCATALOG_COMPILER_GLOBAL_ACCENT_COLOR_NAME = AccentColor;
				CODE_SIGN_IDENTITY = "-";
				CODE_SIGN_STYLE = Automatic;
				COMBINE_HIDPI_IMAGES = YES;
				CURRENT_PROJECT_VERSION = 1;
				ENABLE_APP_SANDBOX = NO;
				ENABLE_HARDENED_RUNTIME = NO;
				ENABLE_PREVIEWS = YES;
				GENERATE_INFOPLIST_FILE = YES;
				INFOPLIST_FILE = DiscordStatusModifier/Info.plist;
				INFOPLIST_KEY_CFBundleDisplayName = "Discord Status Modifier";
				INFOPLIST_KEY_LSApplicationCategoryType = "public.app-category.utilities";
				LD_RUNPATH_SEARCH_PATHS = (
					"$(inherited)",
					"@executable_path/../Frameworks",
				);
				MACOSX_DEPLOYMENT_TARGET = 14.0;
				MARKETING_VERSION = 1.0;
				PRODUCT_BUNDLE_IDENTIFIER = com.discordstatus.modifier;
				PRODUCT_NAME = "$(TARGET_NAME)";
				SDKROOT = macosx;
				SWIFT_EMIT_LOC_STRINGS = YES;
				SWIFT_STRICT_CONCURRENCY = minimal;
				SWIFT_VERSION = 5.0;
			};
			name = Debug;
		};
		5D1A00000000000000000014 /* Release */ = {
			isa = XCBuildConfiguration;
			buildSettings = {
				ASSETCATALOG_COMPILER_APPICON_NAME = AppIcon;
				ASSETCATALOG_COMPILER_GLOBAL_ACCENT_COLOR_NAME = AccentColor;
				CODE_SIGN_IDENTITY = "-";
				CODE_SIGN_STYLE = Automatic;
				COMBINE_HIDPI_IMAGES = YES;
				CURRENT_PROJECT_VERSION = 1;
				ENABLE_APP_SANDBOX = NO;
				ENABLE_HARDENED_RUNTIME = NO;
				ENABLE_PREVIEWS = YES;
				GENERATE_INFOPLIST_FILE = YES;
				INFOPLIST_FILE = DiscordStatusModifier/Info.plist;
				INFOPLIST_KEY_CFBundleDisplayName = "Discord Status Modifier";
				INFOPLIST_KEY_LSApplicationCategoryType = "public.app-category.utilities";
				LD_RUNPATH_SEARCH_PATHS = (
					"$(inherited)",
					"@executable_path/../Frameworks",
				);
				MACOSX_DEPLOYMENT_TARGET = 14.0;
				MARKETING_VERSION = 1.0;
				PRODUCT_BUNDLE_IDENTIFIER = com.discordstatus.modifier;
				PRODUCT_NAME = "$(TARGET_NAME)";
				SDKROOT = macosx;
				SWIFT_EMIT_LOC_STRINGS = YES;
				SWIFT_STRICT_CONCURRENCY = minimal;
				SWIFT_VERSION = 5.0;
			};
			name = Release;
		};
/* End XCBuildConfiguration section */

/* Begin XCConfigurationList section */
		5D1A0000000000000000000F /* Build configuration list for PBXProject "DiscordStatusModifier" */ = {
			isa = XCConfigurationList;
			buildConfigurations = (
				5D1A00000000000000000011 /* Debug */,
				5D1A00000000000000000012 /* Release */,
			);
			defaultConfigurationIsVisible = 0;
			defaultConfigurationName = Release;
		};
		5D1A00000000000000000010 /* Build configuration list for PBXNativeTarget "DiscordStatusModifier" */ = {
			isa = XCConfigurationList;
			buildConfigurations = (
				5D1A00000000000000000013 /* Debug */,
				5D1A00000000000000000014 /* Release */,
			);
			defaultConfigurationIsVisible = 0;
			defaultConfigurationName = Release;
		};
/* End XCConfigurationList section */
	};
	rootObject = 5D1A00000000000000000001 /* Project object */;
}
